
Microsoft Visual Studio Solution File, Format Version 12.00
# Visual Studio Version 17
VisualStudioVersion = 17.7.34202.233
MinimumVisualStudioVersion = 10.0.40219.1
Project("{FAE04EC0-301F-11D3-BF4B-00C04F79EFBC}") = "Example_Mod", "Example_Mod.csproj", "{DEA63AEA-C3C1-42FB-AE78-81803D7DF3EF}"
EndProject
Global
	GlobalSection(SolutionConfigurationPlatforms) = preSolution
		Debug|Any CPU = Debug|Any CPU
		Release|Any CPU = Release|Any CPU
	EndGlobalSection
	GlobalSection(ProjectConfigurationPlatforms) = postSolution
		{DEA63AEA-C3C1-42FB-AE78-81803D7DF3EF}.Debug|Any CPU.ActiveCfg = Debug|Any CPU
		{DEA63AEA-C3C1-42FB-AE78-81803D7DF3EF}.Debug|Any CPU.Build.0 = Debug|Any CPU
		{DEA63AEA-C3C1-42FB-AE78-81803D7DF3EF}.Release|Any CPU.ActiveCfg = Release|Any CPU
		{DEA63AEA-C3C1-42FB-AE78-81803D7DF3EF}.Release|Any CPU.Build.0 = Release|Any CPU
	EndGlobalSection
	GlobalSection(SolutionProperties) = preSolution
		HideSolutionNode = FALSE
	EndGlobalSection
	GlobalSection(ExtensibilityGlobals) = postSolution
		SolutionGuid = {D774D5D1-5C8D-462F-935A-1382B163E1B0}
	EndGlobalSection
EndGlobal
